// !$*UTF8*$!
{
	archiveVersion = 1;
	classes = {
	};
	objectVersion = 56;
	objects = {

/* Begin PBXBuildFile section */
		60AA3BD32A2A342000ECD8F4 /* AppDelegate.swift in Sources */ = {isa = PBXBuildFile; fileRef = 60AA3BD22A2A342000ECD8F4 /* AppDelegate.swift */; };
		60AA3BD52A2A342000ECD8F4 /* SceneDelegate.swift in Sources */ = {isa = PBXBuildFile; fileRef = 60AA3BD42A2A342000ECD8F4 /* SceneDelegate.swift */; };
		60AA3BDA2A2A342000ECD8F4 /* Main.storyboard in Resources */ = {isa = PBXBuildFile; fileRef = 60AA3BD82A2A342000ECD8F4 /* Main.storyboard */; };
		60AA3BDC2A2A342100ECD8F4 /* Assets.xcassets in Resources */ = {isa = PBXBuildFile; fileRef = 60AA3BDB2A2A342100ECD8F4 /* Assets.xcassets */; };
		60AA3BDF2A2A342100ECD8F4 /* LaunchScreen.storyboard in Resources */ = {isa = PBXBuildFile; fileRef = 60AA3BDD2A2A342100ECD8F4 /* LaunchScreen.storyboard */; };
		60AA3BEE2A2A378F00ECD8F4 /* WelcomeViewController.swift in Sources */ = {isa = PBXBuildFile; fileRef = 60AA3BED2A2A378F00ECD8F4 /* WelcomeViewController.swift */; };
		60AA3BF02A2A381000ECD8F4 /* LoginViewController.swift in Sources */ = {isa = PBXBuildFile; fileRef = 60AA3BEF2A2A381000ECD8F4 /* LoginViewController.swift */; };
		60AA3BF22A2A3D5F00ECD8F4 /* AboutUsViewController.swift in Sources */ = {isa = PBXBuildFile; fileRef = 60AA3BF12A2A3D5F00ECD8F4 /* AboutUsViewController.swift */; };
		60AA3BF42A2A409100ECD8F4 /* AccountViewController.swift in Sources */ = {isa = PBXBuildFile; fileRef = 60AA3BF32A2A409000ECD8F4 /* AccountViewController.swift */; };
		60AA3C012A2A7FDC00ECD8F4 /* DataStore.swift in Sources */ = {isa = PBXBuildFile; fileRef = 60AA3C002A2A7FDC00ECD8F4 /* DataStore.swift */; };
		60AA3C032A2A7FF300ECD8F4 /* Extension + UIView.swift in Sources */ = {isa = PBXBuildFile; fileRef = 60AA3C022A2A7FF300ECD8F4 /* Extension + UIView.swift */; };
		60AA3C052A2A801200ECD8F4 /* User.swift in Sources */ = {isa = PBXBuildFile; fileRef = 60AA3C042A2A801200ECD8F4 /* User.swift */; };
/* End PBXBuildFile section */

/* Begin PBXFileReference section */
		60AA3BCF2A2A342000ECD8F4 /* LookLabApp.app */ = {isa = PBXFileReference; explicitFileType = wrapper.application; includeInIndex = 0; path = LookLabApp.app; sourceTree = BUILT_PRODUCTS_DIR; };
		60AA3BD22A2A342000ECD8F4 /* AppDelegate.swift */ = {isa = PBXFileReference; lastKnownFileType = sourcecode.swift; path = AppDelegate.swift; sourceTree = "<group>"; };
		60AA3BD42A2A342000ECD8F4 /* SceneDelegate.swift */ = {isa = PBXFileReference; lastKnownFileType = sourcecode.swift; path = SceneDelegate.swift; sourceTree = "<group>"; };
		60AA3BD92A2A342000ECD8F4 /* Base */ = {isa = PBXFileReference; lastKnownFileType = file.storyboard; name = Base; path = Base.lproj/Main.storyboard; sourceTree = "<group>"; };
		60AA3BDB2A2A342100ECD8F4 /* Assets.xcassets */ = {isa = PBXFileReference; lastKnownFileType = folder.assetcatalog; path = Assets.xcassets; sourceTree = "<group>"; };
		60AA3BDE2A2A342100ECD8F4 /* Base */ = {isa = PBXFileReference; lastKnownFileType = file.storyboard; name = Base; path = Base.lproj/LaunchScreen.storyboard; sourceTree = "<group>"; };
		60AA3BE02A2A342100ECD8F4 /* Info.plist */ = {isa = PBXFileReference; lastKnownFileType = text.plist.xml; path = Info.plist; sourceTree = "<group>"; };
		60AA3BED2A2A378F00ECD8F4 /* WelcomeViewController.swift */ = {isa = PBXFileReference; lastKnownFileType = sourcecode.swift; path = WelcomeViewController.swift; sourceTree = "<group>"; };
		60AA3BEF2A2A381000ECD8F4 /* LoginViewController.swift */ = {isa = PBXFileReference; lastKnownFileType = sourcecode.swift; path = LoginViewController.swift; sourceTree = "<group>"; };
		60AA3BF12A2A3D5F00ECD8F4 /* AboutUsViewController.swift */ = {isa = PBXFileReference; lastKnownFileType = sourcecode.swift; path = AboutUsViewController.swift; sourceTree = "<group>"; };
		60AA3BF32A2A409000ECD8F4 /* AccountViewController.swift */ = {isa = PBXFileReference; lastKnownFileType = sourcecode.swift; path = AccountViewController.swift; sourceTree = "<group>"; };
		60AA3C002A2A7FDC00ECD8F4 /* DataStore.swift */ = {isa = PBXFileReference; lastKnownFileType = sourcecode.swift; name = DataStore.swift; path = LookLabApp/ViewControllers/DataStore.swift; sourceTree = SOURCE_ROOT; };
		60AA3C022A2A7FF300ECD8F4 /* Extension + UIView.swift */ = {isa = PBXFileReference; lastKnownFileType = sourcecode.swift; path = "Extension + UIView.swift"; sourceTree = "<group>"; };
		60AA3C042A2A801200ECD8F4 /* User.swift */ = {isa = PBXFileReference; lastKnownFileType = sourcecode.swift; path = User.swift; sourceTree = "<group>"; };
/* End PBXFileReference section */

/* Begin PBXFrameworksBuildPhase section */
		60AA3BCC2A2A342000ECD8F4 /* Frameworks */ = {
			isa = PBXFrameworksBuildPhase;
			buildActionMask = 2147483647;
			files = (
			);
			runOnlyForDeploymentPostprocessing = 0;
		};
/* End PBXFrameworksBuildPhase section */

/* Begin PBXGroup section */
		60AA3BC62A2A341F00ECD8F4 = {
			isa = PBXGroup;
			children = (
				60AA3BD12A2A342000ECD8F4 /* LookLabApp */,
				60AA3BD02A2A342000ECD8F4 /* Products */,
			);
			sourceTree = "<group>";
		};
		60AA3BD02A2A342000ECD8F4 /* Products */ = {
			isa = PBXGroup;
			children = (
				60AA3BCF2A2A342000ECD8F4 /* LookLabApp.app */,
			);
			name = Products;
			sourceTree = "<group>";
		};
		60AA3BD12A2A342000ECD8F4 /* LookLabApp */ = {
			isa = PBXGroup;
			children = (
				60AA3BFF2A2A7FC200ECD8F4 /* Models */,
				60AA3BFE2A2A7FB800ECD8F4 /* Extensions */,
				60AA3BFD2A2A7FA800ECD8F4 /* Services */,
				60AA3BEC2A2A34D700ECD8F4 /* Storyboards */,
				60AA3BEA2A2A34AD00ECD8F4 /* Resources */,
				60AA3BE72A2A348C00ECD8F4 /* ViewControllers */,
				60AA3BE62A2A345D00ECD8F4 /* App */,
			);
			path = LookLabApp;
			sourceTree = "<group>";
		};
		60AA3BE62A2A345D00ECD8F4 /* App */ = {
			isa = PBXGroup;
			children = (
				60AA3BD22A2A342000ECD8F4 /* AppDelegate.swift */,
				60AA3BD42A2A342000ECD8F4 /* SceneDelegate.swift */,
				60AA3BE02A2A342100ECD8F4 /* Info.plist */,
			);
			path = App;
			sourceTree = "<group>";
		};
		60AA3BE72A2A348C00ECD8F4 /* ViewControllers */ = {
			isa = PBXGroup;
			children = (
				60AA3BF12A2A3D5F00ECD8F4 /* AboutUsViewController.swift */,
				60AA3BED2A2A378F00ECD8F4 /* WelcomeViewController.swift */,
				60AA3BEF2A2A381000ECD8F4 /* LoginViewController.swift */,
				60AA3BF32A2A409000ECD8F4 /* AccountViewController.swift */,
			);
			path = ViewControllers;
			sourceTree = "<group>";
		};
		60AA3BEA2A2A34AD00ECD8F4 /* Resources */ = {
			isa = PBXGroup;
			children = (
				60AA3BDB2A2A342100ECD8F4 /* Assets.xcassets */,
			);
			path = Resources;
			sourceTree = "<group>";
		};
		60AA3BEC2A2A34D700ECD8F4 /* Storyboards */ = {
			isa = PBXGroup;
			children = (
				60AA3BD82A2A342000ECD8F4 /* Main.storyboard */,
				60AA3BDD2A2A342100ECD8F4 /* LaunchScreen.storyboard */,
			);
			path = Storyboards;
			sourceTree = "<group>";
		};
		60AA3BFD2A2A7FA800ECD8F4 /* Services */ = {
			isa = PBXGroup;
			children = (
				60AA3C002A2A7FDC00ECD8F4 /* DataStore.swift */,
			);
			path = Services;
			sourceTree = "<group>";
		};
		60AA3BFE2A2A7FB800ECD8F4 /* Extensions */ = {
			isa = PBXGroup;
			children = (
				60AA3C022A2A7FF300ECD8F4 /* Extension + UIView.swift */,
			);
			path = Extensions;
			sourceTree = "<group>";
		};
		60AA3BFF2A2A7FC200ECD8F4 /* Models */ = {
			isa = PBXGroup;
			children = (
				60AA3C042A2A801200ECD8F4 /* User.swift */,
			);
			path = Models;
			sourceTree = "<group>";
		};
/* End PBXGroup section */

/* Begin PBXNativeTarget section */
		60AA3BCE2A2A342000ECD8F4 /* LookLabApp */ = {
			isa = PBXNativeTarget;
			buildConfigurationList = 60AA3BE32A2A342100ECD8F4 /* Build configuration list for PBXNativeTarget "LookLabApp" */;
			buildPhases = (
				60AA3BCB2A2A342000ECD8F4 /* Sources */,
				60AA3BCC2A2A342000ECD8F4 /* Frameworks */,
				60AA3BCD2A2A342000ECD8F4 /* Resources */,
			);
			buildRules = (
			);
			dependencies = (
			);
			name = LookLabApp;
			productName = LookLab;
			productReference = 60AA3BCF2A2A342000ECD8F4 /* LookLabApp.app */;
			productType = "com.apple.product-type.application";
		};
/* End PBXNativeTarget section */

/* Begin PBXProject section */
		60AA3BC72A2A341F00ECD8F4 /* Project object */ = {
			isa = PBXProject;
			attributes = {
				BuildIndependentTargetsInParallel = 1;
				LastSwiftUpdateCheck = 1430;
				LastUpgradeCheck = 1430;
				TargetAttributes = {
					60AA3BCE2A2A342000ECD8F4 = {
						CreatedOnToolsVersion = 14.3;
					};
				};
			};
			buildConfigurationList = 60AA3BCA2A2A341F00ECD8F4 /* Build configuration list for PBXProject "LookLabApp" */;
			compatibilityVersion = "Xcode 14.0";
			developmentRegion = en;
			hasScannedForEncodings = 0;
			knownRegions = (
				en,
				Base,
			);
			mainGroup = 60AA3BC62A2A341F00ECD8F4;
			productRefGroup = 60AA3BD02A2A342000ECD8F4 /* Products */;
			projectDirPath = "";
			projectRoot = "";
			targets = (
				60AA3BCE2A2A342000ECD8F4 /* LookLabApp */,
			);
		};
/* End PBXProject section */

/* Begin PBXResourcesBuildPhase section */
		60AA3BCD2A2A342000ECD8F4 /* Resources */ = {
			isa = PBXResourcesBuildPhase;
			buildActionMask = 2147483647;
			files = (
				60AA3BDF2A2A342100ECD8F4 /* LaunchScreen.storyboard in Resources */,
				60AA3BDC2A2A342100ECD8F4 /* Assets.xcassets in Resources */,
				60AA3BDA2A2A342000ECD8F4 /* Main.storyboard in Resources */,
			);
			runOnlyForDeploymentPostprocessing = 0;
		};
/* End PBXResourcesBuildPhase section */

/* Begin PBXSourcesBuildPhase section */
		60AA3BCB2A2A342000ECD8F4 /* Sources */ = {
			isa = PBXSourcesBuildPhase;
			buildActionMask = 2147483647;
			files = (
				60AA3C012A2A7FDC00ECD8F4 /* DataStore.swift in Sources */,
				60AA3BF22A2A3D5F00ECD8F4 /* AboutUsViewController.swift in Sources */,
				60AA3BF02A2A381000ECD8F4 /* LoginViewController.swift in Sources */,
				60AA3BF42A2A409100ECD8F4 /* AccountViewController.swift in Sources */,
				60AA3C032A2A7FF300ECD8F4 /* Extension + UIView.swift in Sources */,
				60AA3C052A2A801200ECD8F4 /* User.swift in Sources */,
				60AA3BEE2A2A378F00ECD8F4 /* WelcomeViewController.swift in Sources */,
				60AA3BD32A2A342000ECD8F4 /* AppDelegate.swift in Sources */,
				60AA3BD52A2A342000ECD8F4 /* SceneDelegate.swift in Sources */,
			);
			runOnlyForDeploymentPostprocessing = 0;
		};
/* End PBXSourcesBuildPhase section */

/* Begin PBXVariantGroup section */
		60AA3BD82A2A342000ECD8F4 /* Main.storyboard */ = {
			isa = PBXVariantGroup;
			children = (
				60AA3BD92A2A342000ECD8F4 /* Base */,
			);
			name = Main.storyboard;
			sourceTree = "<group>";
		};
		60AA3BDD2A2A342100ECD8F4 /* LaunchScreen.storyboard */ = {
			isa = PBXVariantGroup;
			children = (
				60AA3BDE2A2A342100ECD8F4 /* Base */,
			);
			name = LaunchScreen.storyboard;
			sourceTree = "<group>";
		};
/* End PBXVariantGroup section */

/* Begin XCBuildConfiguration section */
		60AA3BE12A2A342100ECD8F4 /* Debug */ = {
			isa = XCBuildConfiguration;
			buildSettings = {
				ALWAYS_SEARCH_USER_PATHS = NO;
				CLANG_ANALYZER_NONNULL = YES;
				CLANG_ANALYZER_NUMBER_OBJECT_CONVERSION = YES_AGGRESSIVE;
				CLANG_CXX_LANGUAGE_STANDARD = "gnu++20";
				CLANG_ENABLE_MODULES = YES;
				CLANG_ENABLE_OBJC_ARC = YES;
				CLANG_ENABLE_OBJC_WEAK = YES;
				CLANG_WARN_BLOCK_CAPTURE_AUTORELEASING = YES;
				CLANG_WARN_BOOL_CONVERSION = YES;
				CLANG_WARN_COMMA = YES;
				CLANG_WARN_CONSTANT_CONVERSION = YES;
				CLANG_WARN_DEPRECATED_OBJC_IMPLEMENTATIONS = YES;
				CLANG_WARN_DIRECT_OBJC_ISA_USAGE = YES_ERROR;
				CLANG_WARN_DOCUMENTATION_COMMENTS = YES;
				CLANG_WARN_EMPTY_BODY = YES;
				CLANG_WARN_ENUM_CONVERSION = YES;
				CLANG_WARN_INFINITE_RECURSION = YES;
				CLANG_WARN_INT_CONVERSION = YES;
				CLANG_WARN_NON_LITERAL_NULL_CONVERSION = YES;
				CLANG_WARN_OBJC_IMPLICIT_RETAIN_SELF = YES;
				CLANG_WARN_OBJC_LITERAL_CONVERSION = YES;
				CLANG_WARN_OBJC_ROOT_CLASS = YES_ERROR;
				CLANG_WARN_QUOTED_INCLUDE_IN_FRAMEWORK_HEADER = YES;
				CLANG_WARN_RANGE_LOOP_ANALYSIS = YES;
				CLANG_WARN_STRICT_PROTOTYPES = YES;
				CLANG_WARN_SUSPICIOUS_MOVE = YES;
				CLANG_WARN_UNGUARDED_AVAILABILITY = YES_AGGRESSIVE;
				CLANG_WARN_UNREACHABLE_CODE = YES;
				CLANG_WARN__DUPLICATE_METHOD_MATCH = YES;
				COPY_PHASE_STRIP = NO;
				DEBUG_INFORMATION_FORMAT = dwarf;
				ENABLE_STRICT_OBJC_MSGSEND = YES;
				ENABLE_TESTABILITY = YES;
				GCC_C_LANGUAGE_STANDARD = gnu11;
				GCC_DYNAMIC_NO_PIC = NO;
				GCC_NO_COMMON_BLOCKS = YES;
				GCC_OPTIMIZATION_LEVEL = 0;
				GCC_PREPROCESSOR_DEFINITIONS = (
					"DEBUG=1",
					"$(inherited)",
				);
				GCC_WARN_64_TO_32_BIT_CONVERSION = YES;
				GCC_WARN_ABOUT_RETURN_TYPE = YES_ERROR;
				GCC_WARN_UNDECLARED_SELECTOR = YES;
				GCC_WARN_UNINITIALIZED_AUTOS = YES_AGGRESSIVE;
				GCC_WARN_UNUSED_FUNCTION = YES;
				GCC_WARN_UNUSED_VARIABLE = YES;
				IPHONEOS_DEPLOYMENT_TARGET = 16.4;
				MTL_ENABLE_DEBUG_INFO = INCLUDE_SOURCE;
				MTL_FAST_MATH = YES;
				ONLY_ACTIVE_ARCH = YES;
				SDKROOT = iphoneos;
				SWIFT_ACTIVE_COMPILATION_CONDITIONS = DEBUG;
				SWIFT_OPTIMIZATION_LEVEL = "-Onone";
			};
			name = Debug;
		};
		60AA3BE22A2A342100ECD8F4 /* Release */ = {
			isa = XCBuildConfiguration;
			buildSettings = {
				ALWAYS_SEARCH_USER_PATHS = NO;
				CLANG_ANALYZER_NONNULL = YES;
				CLANG_ANALYZER_NUMBER_OBJECT_CONVERSION = YES_AGGRESSIVE;
				CLANG_CXX_LANGUAGE_STANDARD = "gnu++20";
				CLANG_ENABLE_MODULES = YES;
				CLANG_ENABLE_OBJC_ARC = YES;
				CLANG_ENABLE_OBJC_WEAK = YES;
				CLANG_WARN_BLOCK_CAPTURE_AUTORELEASING = YES;
				CLANG_WARN_BOOL_CONVERSION = YES;
				CLANG_WARN_COMMA = YES;
				CLANG_WARN_CONSTANT_CONVERSION = YES;
				CLANG_WARN_DEPRECATED_OBJC_IMPLEMENTATIONS = YES;
				CLANG_WARN_DIRECT_OBJC_ISA_USAGE = YES_ERROR;
				CLANG_WARN_DOCUMENTATION_COMMENTS = YES;
				CLANG_WARN_EMPTY_BODY = YES;
				CLANG_WARN_ENUM_CONVERSION = YES;
				CLANG_WARN_INFINITE_RECURSION = YES;
				CLANG_WARN_INT_CONVERSION = YES;
				CLANG_WARN_NON_LITERAL_NULL_CONVERSION = YES;
				CLANG_WARN_OBJC_IMPLICIT_RETAIN_SELF = YES;
				CLANG_WARN_OBJC_LITERAL_CONVERSION = YES;
				CLANG_WARN_OBJC_ROOT_CLASS = YES_ERROR;
				CLANG_WARN_QUOTED_INCLUDE_IN_FRAMEWORK_HEADER = YES;
				CLANG_WARN_RANGE_LOOP_ANALYSIS = YES;
				CLANG_WARN_STRICT_PROTOTYPES = YES;
				CLANG_WARN_SUSPICIOUS_MOVE = YES;
				CLANG_WARN_UNGUARDED_AVAILABILITY = YES_AGGRESSIVE;
				CLANG_WARN_UNREACHABLE_CODE = YES;
				CLANG_WARN__DUPLICATE_METHOD_MATCH = YES;
				COPY_PHASE_STRIP = NO;
				DEBUG_INFORMATION_FORMAT = "dwarf-with-dsym";
				ENABLE_NS_ASSERTIONS = NO;
				ENABLE_STRICT_OBJC_MSGSEND = YES;
				GCC_C_LANGUAGE_STANDARD = gnu11;
				GCC_NO_COMMON_BLOCKS = YES;
				GCC_WARN_64_TO_32_BIT_CONVERSION = YES;
				GCC_WARN_ABOUT_RETURN_TYPE = YES_ERROR;
				GCC_WARN_UNDECLARED_SELECTOR = YES;
				GCC_WARN_UNINITIALIZED_AUTOS = YES_AGGRESSIVE;
				GCC_WARN_UNUSED_FUNCTION = YES;
				GCC_WARN_UNUSED_VARIABLE = YES;
				IPHONEOS_DEPLOYMENT_TARGET = 16.4;
				MTL_ENABLE_DEBUG_INFO = NO;
				MTL_FAST_MATH = YES;
				SDKROOT = iphoneos;
				SWIFT_COMPILATION_MODE = wholemodule;
				SWIFT_OPTIMIZATION_LEVEL = "-O";
				VALIDATE_PRODUCT = YES;
			};
			name = Release;
		};
		60AA3BE42A2A342100ECD8F4 /* Debug */ = {
			isa = XCBuildConfiguration;
			buildSettings = {
				ASSETCATALOG_COMPILER_APPICON_NAME = AppIcon;
				ASSETCATALOG_COMPILER_GLOBAL_ACCENT_COLOR_NAME = AccentColor;
				CODE_SIGN_STYLE = Automatic;
				CURRENT_PROJECT_VERSION = 1;
				DEVELOPMENT_TEAM = 8596MXNNFG;
				GENERATE_INFOPLIST_FILE = YES;
				INFOPLIST_FILE = LookLabApp/App/Info.plist;
				INFOPLIST_KEY_UIApplicationSupportsIndirectInputEvents = YES;
				INFOPLIST_KEY_UILaunchStoryboardName = LaunchScreen;
				INFOPLIST_KEY_UIMainStoryboardFile = Main;
				INFOPLIST_KEY_UISupportedInterfaceOrientations = "UIInterfaceOrientationLandscapeRight UIInterfaceOrientationPortrait";
				INFOPLIST_KEY_UISupportedInterfaceOrientations_iPad = "UIInterfaceOrientationLandscapeLeft UIInterfaceOrientationLandscapeRight UIInterfaceOrientationPortrait UIInterfaceOrientationPortraitUpsideDown";
				LD_RUNPATH_SEARCH_PATHS = (
					"$(inherited)",
					"@executable_path/Frameworks",
				);
				MARKETING_VERSION = 1.0;
				PRODUCT_BUNDLE_IDENTIFIER = Home.LookLab;
				PRODUCT_NAME = "$(TARGET_NAME)";
				SUPPORTED_PLATFORMS = "iphoneos iphonesimulator";
				SUPPORTS_MACCATALYST = NO;
				SUPPORTS_MAC_DESIGNED_FOR_IPHONE_IPAD = NO;
				SWIFT_EMIT_LOC_STRINGS = YES;
				SWIFT_VERSION = 5.0;
				TARGETED_DEVICE_FAMILY = 1;
			};
			name = Debug;
		};
		60AA3BE52A2A342100ECD8F4 /* Release */ = {
			isa = XCBuildConfiguration;
			buildSettings = {
				ASSETCATALOG_COMPILER_APPICON_NAME = AppIcon;
				ASSETCATALOG_COMPILER_GLOBAL_ACCENT_COLOR_NAME = AccentColor;
				CODE_SIGN_STYLE = Automatic;
				CURRENT_PROJECT_VERSION = 1;
				DEVELOPMENT_TEAM = 8596MXNNFG;
				GENERATE_INFOPLIST_FILE = YES;
				INFOPLIST_FILE = LookLabApp/App/Info.plist;
				INFOPLIST_KEY_UIApplicationSupportsIndirectInputEvents = YES;
				INFOPLIST_KEY_UILaunchStoryboardName = LaunchScreen;
				INFOPLIST_KEY_UIMainStoryboardFile = Main;
				INFOPLIST_KEY_UISupportedInterfaceOrientations = "UIInterfaceOrientationLandscapeRight UIInterfaceOrientationPortrait";
				INFOPLIST_KEY_UISupportedInterfaceOrientations_iPad = "UIInterfaceOrientationLandscapeLeft UIInterfaceOrientationLandscapeRight UIInterfaceOrientationPortrait UIInterfaceOrientationPortraitUpsideDown";
				LD_RUNPATH_SEARCH_PATHS = (
					"$(inherited)",
					"@executable_path/Frameworks",
				);
				MARKETING_VERSION = 1.0;
				PRODUCT_BUNDLE_IDENTIFIER = Home.LookLab;
				PRODUCT_NAME = "$(TARGET_NAME)";
				SUPPORTED_PLATFORMS = "iphoneos iphonesimulator";
				SUPPORTS_MACCATALYST = NO;
				SUPPORTS_MAC_DESIGNED_FOR_IPHONE_IPAD = NO;
				SWIFT_EMIT_LOC_STRINGS = YES;
				SWIFT_VERSION = 5.0;
				TARGETED_DEVICE_FAMILY = 1;
			};
			name = Release;
		};
/* End XCBuildConfiguration section */

/* Begin XCConfigurationList section */
		60AA3BCA2A2A341F00ECD8F4 /* Build configuration list for PBXProject "LookLabApp" */ = {
			isa = XCConfigurationList;
			buildConfigurations = (
				60AA3BE12A2A342100ECD8F4 /* Debug */,
				60AA3BE22A2A342100ECD8F4 /* Release */,
			);
			defaultConfigurationIsVisible = 0;
			defaultConfigurationName = Release;
		};
		60AA3BE32A2A342100ECD8F4 /* Build configuration list for PBXNativeTarget "LookLabApp" */ = {
			isa = XCConfigurationList;
			buildConfigurations = (
				60AA3BE42A2A342100ECD8F4 /* Debug */,
				60AA3BE52A2A342100ECD8F4 /* Release */,
			);
			defaultConfigurationIsVisible = 0;
			defaultConfigurationName = Release;
		};
/* End XCConfigurationList section */
	};
	rootObject = 60AA3BC72A2A341F00ECD8F4 /* Project object */;
}
